
Microsoft Visual Studio Solution File, Format Version 12.00
# Visual Studio Version 16
VisualStudioVersion = 16.0.30804.86
MinimumVisualStudioVersion = 10.0.40219.1
Project("{FAE04EC0-301F-11D3-BF4B-00C04F79EFBC}") = "Platforma_Educationala", "Platforma_Educationala\Platforma_Educationala.csproj", "{FFD62CC9-A01F-45E2-BBF9-36DD794CF90C}"
EndProject
Global
	GlobalSection(SolutionConfigurationPlatforms) = preSolution
		Debug|Any CPU = Debug|Any CPU
		Release|Any CPU = Release|Any CPU
	EndGlobalSection
	GlobalSection(ProjectConfigurationPlatforms) = postSolution
		{FFD62CC9-A01F-45E2-BBF9-36DD794CF90C}.Debug|Any CPU.ActiveCfg = Debug|Any CPU
		{FFD62CC9-A01F-45E2-BBF9-36DD794CF90C}.Debug|Any CPU.Build.0 = Debug|Any CPU
		{FFD62CC9-A01F-45E2-BBF9-36DD794CF90C}.Release|Any CPU.ActiveCfg = Release|Any CPU
		{FFD62CC9-A01F-45E2-BBF9-36DD794CF90C}.Release|Any CPU.Build.0 = Release|Any CPU
	EndGlobalSection
	GlobalSection(SolutionProperties) = preSolution
		HideSolutionNode = FALSE
	EndGlobalSection
	GlobalSection(ExtensibilityGlobals) = postSolution
		SolutionGuid = {62F3BC5C-6382-44EC-9CA5-845F7936B3B7}
	EndGlobalSection
EndGlobal
